
Microsoft Visual Studio Solution File, Format Version 12.00
# Visual Studio Version 17
VisualStudioVersion = 17.8.34511.84
MinimumVisualStudioVersion = 10.0.40219.1
Project("{8BC9CEB8-8B4A-11D0-8D11-00A0C91BC942}") = "Practica04", "Practica04\Practica04.vcxproj", "{0293687A-3F7B-4B8D-A7D3-C3BEA83306F7}"
EndProject
Global
	GlobalSection(SolutionConfigurationPlatforms) = preSolution
		Debug|x64 = Debug|x64
		Debug|x86 = Debug|x86
		Release|x64 = Release|x64
		Release|x86 = Release|x86
	EndGlobalSection
	GlobalSection(ProjectConfigurationPlatforms) = postSolution
		{0293687A-3F7B-4B8D-A7D3-C3BEA83306F7}.Debug|x64.ActiveCfg = Debug|x64
		{0293687A-3F7B-4B8D-A7D3-C3BEA83306F7}.Debug|x64.Build.0 = Debug|x64
		{0293687A-3F7B-4B8D-A7D3-C3BEA83306F7}.Debug|x86.ActiveCfg = Debug|Win32
		{0293687A-3F7B-4B8D-A7D3-C3BEA83306F7}.Debug|x86.Build.0 = Debug|Win32
		{0293687A-3F7B-4B8D-A7D3-C3BEA83306F7}.Release|x64.ActiveCfg = Release|x64
		{0293687A-3F7B-4B8D-A7D3-C3BEA83306F7}.Release|x64.Build.0 = Release|x64
		{0293687A-3F7B-4B8D-A7D3-C3BEA83306F7}.Release|x86.ActiveCfg = Release|Win32
		{0293687A-3F7B-4B8D-A7D3-C3BEA83306F7}.Release|x86.Build.0 = Release|Win32
	EndGlobalSection
	GlobalSection(SolutionProperties) = preSolution
		HideSolutionNode = FALSE
	EndGlobalSection
	GlobalSection(ExtensibilityGlobals) = postSolution
		SolutionGuid = {32920668-DDBC-4BFD-A596-7B3A9FC6B1AA}
	EndGlobalSection
EndGlobal
